GIT
  remote: https://github.com/travis-ci/travis-config
  revision: 601e9a6dcb799dc14944c40153c60aaf935629ee
  specs:
    travis-config (2.0.0)
      hashr (~> 2.0)

GIT
  remote: https://github.com/travis-ci/travis-sso.git
  revision: e9a8d6c4a5284cf6ddc86a1a6bc0e9dd38c933e3
  specs:
    travis-sso (0.2.0)
      multi_json
      rack
      rotp
      rqrcode
      yubikey

GEM
  remote: https://rubygems.org/
  specs:
    base64 (0.3.0)
    chunky_png (1.4.0)
    connection_pool (2.5.4)
    daemons (1.4.1)
    eventmachine (1.2.7)
    hashr (2.0.1)
    logger (1.7.0)
    multi_json (1.15.0)
    rack (2.2.17)
    rack-ssl (1.4.1)
      rack
    redis-client (0.25.3)
      connection_pool
    rotp (6.3.0)
    rqrcode (3.1.0)
      chunky_png (~> 1.0)
      rqrcode_core (~> 2.0)
    rqrcode_core (2.0.0)
    sidekiq (7.3.9)
      base64
      connection_pool (>= 2.3.0)
      logger
      rack (>= 2.2.4)
      redis-client (>= 0.22.2)
    sinatra (1.0)
      rack (>= 1.0)
    slim (5.2.1)
      temple (~> 0.10.0)
      tilt (>= 2.1.0)
    temple (0.10.3)
    thin (2.0.1)
      daemons (~> 1.0, >= 1.0.9)
      eventmachine (~> 1.0, >= 1.0.4)
      logger
      rack (>= 1, < 4)
    tilt (2.3.0)
    yubikey (1.4.1)

PLATFORMS
  x86_64-linux

DEPENDENCIES
  rack (~> 2.0)
  rack-ssl
  sidekiq
  sinatra
  slim
  thin
  travis-config!
  travis-sso!

RUBY VERSION
   ruby 3.2.4p170

BUNDLED WITH
   2.4.19
